
Microsoft Visual Studio Solution File, Format Version 12.00
# Visual Studio 15
Project("{FAE04EC0-301F-11D3-BF4B-00C04F79EFBC}") = "CrazyWeatherCalculations", "CrazyWeatherCalculations\CrazyWeatherCalculations.csproj", "{6331B046-39F4-4B09-A659-81BF7933CF4B}"
EndProject
Global
	GlobalSection(SolutionConfigurationPlatforms) = preSolution
		Debug|Any CPU = Debug|Any CPU
		Release|Any CPU = Release|Any CPU
	EndGlobalSection
	GlobalSection(ProjectConfigurationPlatforms) = postSolution
		{6331B046-39F4-4B09-A659-81BF7933CF4B}.Debug|Any CPU.ActiveCfg = Debug|Any CPU
		{6331B046-39F4-4B09-A659-81BF7933CF4B}.Debug|Any CPU.Build.0 = Debug|Any CPU
		{6331B046-39F4-4B09-A659-81BF7933CF4B}.Release|Any CPU.ActiveCfg = Release|Any CPU
		{6331B046-39F4-4B09-A659-81BF7933CF4B}.Release|Any CPU.Build.0 = Release|Any CPU
	EndGlobalSection
EndGlobal
